{
  "name": "testing_first_npm_package",
  "lockfileVersion": 3,
  "requires": true,
  "packages": {
    "": {
      "dependencies": {
        "math-angshu": "^1.0.1"
      }
    },
    "node_modules/math-angshu": {
      "version": "1.0.1",
      "resolved": "https://registry.npmjs.org/math-angshu/-/math-angshu-1.0.1.tgz",
      "integrity": "sha512-QjSuSDfhxYELulUXgk9/KmQyTFhndea8wZuGcmHYKEjTAuUgSzHogdNAJamLSRNGd7HlArP/wDC38tEm3mSXsA=="
    }
  }
}
